
Microsoft Visual Studio Solution File, Format Version 12.00
# Visual Studio Version 17
VisualStudioVersion = 17.5.33414.496
MinimumVisualStudioVersion = 10.0.40219.1
Project("{8BC9CEB8-8B4A-11D0-8D11-00A0C91BC942}") = "Pewarisan", "Pewarisan\Pewarisan.vcxproj", "{67141AF4-F870-40EB-BDA4-3FFE9E3ED73E}"
EndProject
Project("{8BC9CEB8-8B4A-11D0-8D11-00A0C91BC942}") = "Asosiasi", "Asosiasi\Asosiasi.vcxproj", "{4C8AD0E1-9AC2-4E33-8DD8-1326062F96B6}"
EndProject
Project("{8BC9CEB8-8B4A-11D0-8D11-00A0C91BC942}") = "mainIA", "mainIA\mainIA.vcxproj", "{6CA4773E-2001-469B-AA95-22EE7AB31DDD}"
EndProject
Project("{8BC9CEB8-8B4A-11D0-8D11-00A0C91BC942}") = "MainJM", "MainJM\MainJM.vcxproj", "{7F2AE744-31AA-4673-98EB-805193EF1B1E}"
EndProject
Project("{8BC9CEB8-8B4A-11D0-8D11-00A0C91BC942}") = "MemberInitList", "MemberInitList\MemberInitList.vcxproj", "{5CC325EE-3120-44E3-A964-60065599E8B8}"
EndProject
Global
	GlobalSection(SolutionConfigurationPlatforms) = preSolution
		Debug|x64 = Debug|x64
		Debug|x86 = Debug|x86
		Release|x64 = Release|x64
		Release|x86 = Release|x86
	EndGlobalSection
	GlobalSection(ProjectConfigurationPlatforms) = postSolution
		{67141AF4-F870-40EB-BDA4-3FFE9E3ED73E}.Debug|x64.ActiveCfg = Debug|x64
		{67141AF4-F870-40EB-BDA4-3FFE9E3ED73E}.Debug|x64.Build.0 = Debug|x64
		{67141AF4-F870-40EB-BDA4-3FFE9E3ED73E}.Debug|x86.ActiveCfg = Debug|Win32
		{67141AF4-F870-40EB-BDA4-3FFE9E3ED73E}.Debug|x86.Build.0 = Debug|Win32
		{67141AF4-F870-40EB-BDA4-3FFE9E3ED73E}.Release|x64.ActiveCfg = Release|x64
		{67141AF4-F870-40EB-BDA4-3FFE9E3ED73E}.Release|x64.Build.0 = Release|x64
		{67141AF4-F870-40EB-BDA4-3FFE9E3ED73E}.Release|x86.ActiveCfg = Release|Win32
		{67141AF4-F870-40EB-BDA4-3FFE9E3ED73E}.Release|x86.Build.0 = Release|Win32
		{4C8AD0E1-9AC2-4E33-8DD8-1326062F96B6}.Debug|x64.ActiveCfg = Debug|x64
		{4C8AD0E1-9AC2-4E33-8DD8-1326062F96B6}.Debug|x64.Build.0 = Debug|x64
		{4C8AD0E1-9AC2-4E33-8DD8-1326062F96B6}.Debug|x86.ActiveCfg = Debug|Win32
		{4C8AD0E1-9AC2-4E33-8DD8-1326062F96B6}.Debug|x86.Build.0 = Debug|Win32
		{4C8AD0E1-9AC2-4E33-8DD8-1326062F96B6}.Release|x64.ActiveCfg = Release|x64
		{4C8AD0E1-9AC2-4E33-8DD8-1326062F96B6}.Release|x64.Build.0 = Release|x64
		{4C8AD0E1-9AC2-4E33-8DD8-1326062F96B6}.Release|x86.ActiveCfg = Release|Win32
		{4C8AD0E1-9AC2-4E33-8DD8-1326062F96B6}.Release|x86.Build.0 = Release|Win32
		{6CA4773E-2001-469B-AA95-22EE7AB31DDD}.Debug|x64.ActiveCfg = Debug|x64
		{6CA4773E-2001-469B-AA95-22EE7AB31DDD}.Debug|x64.Build.0 = Debug|x64
		{6CA4773E-2001-469B-AA95-22EE7AB31DDD}.Debug|x86.ActiveCfg = Debug|Win32
		{6CA4773E-2001-469B-AA95-22EE7AB31DDD}.Debug|x86.Build.0 = Debug|Win32
		{6CA4773E-2001-469B-AA95-22EE7AB31DDD}.Release|x64.ActiveCfg = Release|x64
		{6CA4773E-2001-469B-AA95-22EE7AB31DDD}.Release|x64.Build.0 = Release|x64
		{6CA4773E-2001-469B-AA95-22EE7AB31DDD}.Release|x86.ActiveCfg = Release|Win32
		{6CA4773E-2001-469B-AA95-22EE7AB31DDD}.Release|x86.Build.0 = Release|Win32
		{7F2AE744-31AA-4673-98EB-805193EF1B1E}.Debug|x64.ActiveCfg = Debug|x64
		{7F2AE744-31AA-4673-98EB-805193EF1B1E}.Debug|x64.Build.0 = Debug|x64
		{7F2AE744-31AA-4673-98EB-805193EF1B1E}.Debug|x86.ActiveCfg = Debug|Win32
		{7F2AE744-31AA-4673-98EB-805193EF1B1E}.Debug|x86.Build.0 = Debug|Win32
		{7F2AE744-31AA-4673-98EB-805193EF1B1E}.Release|x64.ActiveCfg = Release|x64
		{7F2AE744-31AA-4673-98EB-805193EF1B1E}.Release|x64.Build.0 = Release|x64
		{7F2AE744-31AA-4673-98EB-805193EF1B1E}.Release|x86.ActiveCfg = Release|Win32
		{7F2AE744-31AA-4673-98EB-805193EF1B1E}.Release|x86.Build.0 = Release|Win32
		{5CC325EE-3120-44E3-A964-60065599E8B8}.Debug|x64.ActiveCfg = Debug|x64
		{5CC325EE-3120-44E3-A964-60065599E8B8}.Debug|x64.Build.0 = Debug|x64
		{5CC325EE-3120-44E3-A964-60065599E8B8}.Debug|x86.ActiveCfg = Debug|Win32
		{5CC325EE-3120-44E3-A964-60065599E8B8}.Debug|x86.Build.0 = Debug|Win32
		{5CC325EE-3120-44E3-A964-60065599E8B8}.Release|x64.ActiveCfg = Release|x64
		{5CC325EE-3120-44E3-A964-60065599E8B8}.Release|x64.Build.0 = Release|x64
		{5CC325EE-3120-44E3-A964-60065599E8B8}.Release|x86.ActiveCfg = Release|Win32
		{5CC325EE-3120-44E3-A964-60065599E8B8}.Release|x86.Build.0 = Release|Win32
	EndGlobalSection
	GlobalSection(SolutionProperties) = preSolution
		HideSolutionNode = FALSE
	EndGlobalSection
	GlobalSection(ExtensibilityGlobals) = postSolution
		SolutionGuid = {BF921C25-863E-41B1-8BA2-A55BC611E5B5}
	EndGlobalSection
EndGlobal
